
Microsoft Visual Studio Solution File, Format Version 12.00
# Visual Studio Version 16
VisualStudioVersion = 16.0.31515.178
MinimumVisualStudioVersion = 10.0.40219.1
Project("{FAE04EC0-301F-11D3-BF4B-00C04F79EFBC}") = "Paybook.BusinessLayer", "Paybook.BusinessLayer\Paybook.BusinessLayer.csproj", "{8506C2CA-1EAA-4B7F-92D0-FD5E97613678}"
EndProject
Project("{FAE04EC0-301F-11D3-BF4B-00C04F79EFBC}") = "Paybook.DatabaseLayer", "Paybook.DatabaseLayer\Paybook.DatabaseLayer.csproj", "{E1BD3697-61C5-4C7B-9F99-303074044A88}"
EndProject
Project("{FAE04EC0-301F-11D3-BF4B-00C04F79EFBC}") = "Paybook.ServiceLayer", "Paybook.ServiceLayer\Paybook.ServiceLayer.csproj", "{90675196-4FF9-427D-A280-4CB3AEF028B2}"
EndProject
Project("{FAE04EC0-301F-11D3-BF4B-00C04F79EFBC}") = "Paybook.WebUI", "Paybook.WebUI\Paybook.WebUI.csproj", "{3B109EC9-B0F6-41B1-8CC6-C810AD24177D}"
EndProject
Project("{FAE04EC0-301F-11D3-BF4B-00C04F79EFBC}") = "epayamit_20210731.1", "epayamit_20210731.1\epayamit_20210731.1.csproj", "{F96CF560-7E8A-4EE2-A399-C0D556EF4FFB}"
EndProject
Project("{00D1A9C2-B5F0-4AF3-8072-F6C62B433612}") = "Paybook.SqlStructureLayer", "Paybook.SqlStructureLayer\Paybook.SqlStructureLayer.sqlproj", "{D0771108-2DE5-4049-A9FF-FCA710539AD9}"
EndProject
Project("{2150E333-8FDC-42A3-9474-1A3956D46DE8}") = "DataManager", "DataManager", "{E2AD70F5-6DBF-4A14-A582-B4D8AA7B4FDB}"
EndProject
Global
	GlobalSection(SolutionConfigurationPlatforms) = preSolution
		Debug|Any CPU = Debug|Any CPU
		Release|Any CPU = Release|Any CPU
	EndGlobalSection
	GlobalSection(ProjectConfigurationPlatforms) = postSolution
		{8506C2CA-1EAA-4B7F-92D0-FD5E97613678}.Debug|Any CPU.ActiveCfg = Debug|Any CPU
		{8506C2CA-1EAA-4B7F-92D0-FD5E97613678}.Debug|Any CPU.Build.0 = Debug|Any CPU
		{8506C2CA-1EAA-4B7F-92D0-FD5E97613678}.Release|Any CPU.ActiveCfg = Release|Any CPU
		{8506C2CA-1EAA-4B7F-92D0-FD5E97613678}.Release|Any CPU.Build.0 = Release|Any CPU
		{E1BD3697-61C5-4C7B-9F99-303074044A88}.Debug|Any CPU.ActiveCfg = Debug|Any CPU
		{E1BD3697-61C5-4C7B-9F99-303074044A88}.Debug|Any CPU.Build.0 = Debug|Any CPU
		{E1BD3697-61C5-4C7B-9F99-303074044A88}.Release|Any CPU.ActiveCfg = Release|Any CPU
		{E1BD3697-61C5-4C7B-9F99-303074044A88}.Release|Any CPU.Build.0 = Release|Any CPU
		{90675196-4FF9-427D-A280-4CB3AEF028B2}.Debug|Any CPU.ActiveCfg = Debug|Any CPU
		{90675196-4FF9-427D-A280-4CB3AEF028B2}.Debug|Any CPU.Build.0 = Debug|Any CPU
		{90675196-4FF9-427D-A280-4CB3AEF028B2}.Release|Any CPU.ActiveCfg = Release|Any CPU
		{90675196-4FF9-427D-A280-4CB3AEF028B2}.Release|Any CPU.Build.0 = Release|Any CPU
		{3B109EC9-B0F6-41B1-8CC6-C810AD24177D}.Debug|Any CPU.ActiveCfg = Debug|Any CPU
		{3B109EC9-B0F6-41B1-8CC6-C810AD24177D}.Debug|Any CPU.Build.0 = Debug|Any CPU
		{3B109EC9-B0F6-41B1-8CC6-C810AD24177D}.Release|Any CPU.ActiveCfg = Release|Any CPU
		{3B109EC9-B0F6-41B1-8CC6-C810AD24177D}.Release|Any CPU.Build.0 = Release|Any CPU
		{F96CF560-7E8A-4EE2-A399-C0D556EF4FFB}.Debug|Any CPU.ActiveCfg = Debug|Any CPU
		{F96CF560-7E8A-4EE2-A399-C0D556EF4FFB}.Debug|Any CPU.Build.0 = Debug|Any CPU
		{F96CF560-7E8A-4EE2-A399-C0D556EF4FFB}.Release|Any CPU.ActiveCfg = Release|Any CPU
		{F96CF560-7E8A-4EE2-A399-C0D556EF4FFB}.Release|Any CPU.Build.0 = Release|Any CPU
		{D0771108-2DE5-4049-A9FF-FCA710539AD9}.Debug|Any CPU.ActiveCfg = Debug|Any CPU
		{D0771108-2DE5-4049-A9FF-FCA710539AD9}.Debug|Any CPU.Build.0 = Debug|Any CPU
		{D0771108-2DE5-4049-A9FF-FCA710539AD9}.Debug|Any CPU.Deploy.0 = Debug|Any CPU
		{D0771108-2DE5-4049-A9FF-FCA710539AD9}.Release|Any CPU.ActiveCfg = Release|Any CPU
		{D0771108-2DE5-4049-A9FF-FCA710539AD9}.Release|Any CPU.Build.0 = Release|Any CPU
		{D0771108-2DE5-4049-A9FF-FCA710539AD9}.Release|Any CPU.Deploy.0 = Release|Any CPU
	EndGlobalSection
	GlobalSection(SolutionProperties) = preSolution
		HideSolutionNode = FALSE
	EndGlobalSection
	GlobalSection(NestedProjects) = preSolution
		{E1BD3697-61C5-4C7B-9F99-303074044A88} = {E2AD70F5-6DBF-4A14-A582-B4D8AA7B4FDB}
		{D0771108-2DE5-4049-A9FF-FCA710539AD9} = {E2AD70F5-6DBF-4A14-A582-B4D8AA7B4FDB}
	EndGlobalSection
	GlobalSection(ExtensibilityGlobals) = postSolution
		SolutionGuid = {C57E63F4-3930-4818-A1EF-2511AABF8A20}
	EndGlobalSection
EndGlobal
